// !$*UTF8*$!
{
	archiveVersion = 1;
	classes = {
	};
	objectVersion = 60;
	objects = {

/* Begin PBXBuildFile section */
		4A3A81FD2C724C85004C27A6 /* CigaretteLogUseCase.swift in Sources */ = {isa = PBXBuildFile; fileRef = 4A3A81FC2C724C85004C27A6 /* CigaretteLogUseCase.swift */; };
		4A3A81FF2C725408004C27A6 /* AddSmokeViewModel.swift in Sources */ = {isa = PBXBuildFile; fileRef = 4A3A81FE2C725408004C27A6 /* AddSmokeViewModel.swift */; };
		4A3A82012C733BCC004C27A6 /* TrackView.swift in Sources */ = {isa = PBXBuildFile; fileRef = 4A3A82002C733BCC004C27A6 /* TrackView.swift */; };
		4A3A82032C733C25004C27A6 /* MonthModel.swift in Sources */ = {isa = PBXBuildFile; fileRef = 4A3A82022C733C25004C27A6 /* MonthModel.swift */; };
		4A3A82052C733E32004C27A6 /* TrackViewModel.swift in Sources */ = {isa = PBXBuildFile; fileRef = 4A3A82042C733E32004C27A6 /* TrackViewModel.swift */; };
		4A3A82072C735A2C004C27A6 /* TabbarView.swift in Sources */ = {isa = PBXBuildFile; fileRef = 4A3A82062C735A2C004C27A6 /* TabbarView.swift */; };
		4A655EF02C749FE500234EDE /* OnBoardingUseCase.swift in Sources */ = {isa = PBXBuildFile; fileRef = 4A655EEF2C749FE500234EDE /* OnBoardingUseCase.swift */; };
		4A7851E02C724176009409B9 /* BadgeModel.swift in Sources */ = {isa = PBXBuildFile; fileRef = 4A7851D82C724176009409B9 /* BadgeModel.swift */; };
		4A7851E12C724176009409B9 /* ChatLogModel.swift in Sources */ = {isa = PBXBuildFile; fileRef = 4A7851D92C724176009409B9 /* ChatLogModel.swift */; };
		4A7851E22C724176009409B9 /* CigaretteLogModel.swift in Sources */ = {isa = PBXBuildFile; fileRef = 4A7851DA2C724176009409B9 /* CigaretteLogModel.swift */; };
		4A7851E32C724176009409B9 /* MessageModel.swift in Sources */ = {isa = PBXBuildFile; fileRef = 4A7851DB2C724176009409B9 /* MessageModel.swift */; };
		4A7851E42C724176009409B9 /* OnBoardingModel.swift in Sources */ = {isa = PBXBuildFile; fileRef = 4A7851DC2C724176009409B9 /* OnBoardingModel.swift */; };
		4A7851E52C724176009409B9 /* UserModel.swift in Sources */ = {isa = PBXBuildFile; fileRef = 4A7851DD2C724176009409B9 /* UserModel.swift */; };
		4A7851E82C724204009409B9 /* UserStorage.swift in Sources */ = {isa = PBXBuildFile; fileRef = 4A7851E72C724204009409B9 /* UserStorage.swift */; };
		4A7851EA2C724483009409B9 /* SwiftDataManager.swift in Sources */ = {isa = PBXBuildFile; fileRef = 4A7851E92C724483009409B9 /* SwiftDataManager.swift */; };
		4A7851EC2C7244CB009409B9 /* UserRepository.swift in Sources */ = {isa = PBXBuildFile; fileRef = 4A7851EB2C7244CB009409B9 /* UserRepository.swift */; };
		4ADDBB252C6B425E003531B3 /* OpenAI in Frameworks */ = {isa = PBXBuildFile; productRef = 4ADDBB242C6B425E003531B3 /* OpenAI */; };
		4ADDBB272C6B43EC003531B3 /* BreathingTechniqueView.swift in Sources */ = {isa = PBXBuildFile; fileRef = 4ADDBB262C6B43EC003531B3 /* BreathingTechniqueView.swift */; };
		4ADDBB2D2C6B48A6003531B3 /* AddSmokeView.swift in Sources */ = {isa = PBXBuildFile; fileRef = 4ADDBB2C2C6B48A6003531B3 /* AddSmokeView.swift */; };
		4AEE519B2C75F75200895BC0 /* BreathingVideo.mov in Resources */ = {isa = PBXBuildFile; fileRef = 4AEE519A2C75F75200895BC0 /* BreathingVideo.mov */; };
		8F12EDC72C735AF300A11D1D /* ProgressBarView.swift in Sources */ = {isa = PBXBuildFile; fileRef = 8F12EDC62C735AF300A11D1D /* ProgressBarView.swift */; };
		8F2BAE1C2C662471009F50C3 /* QuitSmokingApp.swift in Sources */ = {isa = PBXBuildFile; fileRef = 8F2BAE1B2C662471009F50C3 /* QuitSmokingApp.swift */; };
		8F2BAE1E2C662471009F50C3 /* ContentView.swift in Sources */ = {isa = PBXBuildFile; fileRef = 8F2BAE1D2C662471009F50C3 /* ContentView.swift */; };
		8F2BAE202C662473009F50C3 /* Assets.xcassets in Resources */ = {isa = PBXBuildFile; fileRef = 8F2BAE1F2C662473009F50C3 /* Assets.xcassets */; };
		8F2BAE232C662473009F50C3 /* Preview Assets.xcassets in Resources */ = {isa = PBXBuildFile; fileRef = 8F2BAE222C662473009F50C3 /* Preview Assets.xcassets */; };
		8F8B13F12C6FACE6000C0780 /* CommitmentView.swift in Sources */ = {isa = PBXBuildFile; fileRef = 8F8B13F02C6FACE6000C0780 /* CommitmentView.swift */; };
		8F8B13F32C6FAF07000C0780 /* SetDateView.swift in Sources */ = {isa = PBXBuildFile; fileRef = 8F8B13F22C6FAF07000C0780 /* SetDateView.swift */; };
		8F8B13F52C6FB098000C0780 /* OnboardingEndView.swift in Sources */ = {isa = PBXBuildFile; fileRef = 8F8B13F42C6FB098000C0780 /* OnboardingEndView.swift */; };
		8F8B13F92C708375000C0780 /* DashboardView.swift in Sources */ = {isa = PBXBuildFile; fileRef = 8F8B13F82C708375000C0780 /* DashboardView.swift */; };
		8FA6AE7C2C6FA7BF00145400 /* CigsPerPackView.swift in Sources */ = {isa = PBXBuildFile; fileRef = 8FA6AE7B2C6FA7BF00145400 /* CigsPerPackView.swift */; };
		8FB2DD1A2C6DF01E00E9A157 /* GreetingsView.swift in Sources */ = {isa = PBXBuildFile; fileRef = 8FB2DD192C6DF01E00E9A157 /* GreetingsView.swift */; };
		8FB2DD1C2C6DF03400E9A157 /* GreetingsViewController.swift in Sources */ = {isa = PBXBuildFile; fileRef = 8FB2DD1B2C6DF03400E9A157 /* GreetingsViewController.swift */; };
		8FDDF3BB2C73A43400FB2B80 /* OnboardingView.swift in Sources */ = {isa = PBXBuildFile; fileRef = 8FDDF3BA2C73A43300FB2B80 /* OnboardingView.swift */; };
		E03A3F912C6B454100EBC763 /* OnBoardingViewModel.swift in Sources */ = {isa = PBXBuildFile; fileRef = E03A3F902C6B454100EBC763 /* OnBoardingViewModel.swift */; };
		E03A3F982C6B531A00EBC763 /* QuitReasonViewController.swift in Sources */ = {isa = PBXBuildFile; fileRef = E03A3F972C6B531A00EBC763 /* QuitReasonViewController.swift */; };
		E03A3F9A2C6B536600EBC763 /* CigsPerDayViewController.swift in Sources */ = {isa = PBXBuildFile; fileRef = E03A3F992C6B536600EBC763 /* CigsPerDayViewController.swift */; };
		E03A3F9C2C6B53B100EBC763 /* PricePerPackViewController.swift in Sources */ = {isa = PBXBuildFile; fileRef = E03A3F9B2C6B53B100EBC763 /* PricePerPackViewController.swift */; };
		E03A3FAE2C6C99D700EBC763 /* QuitReasonView.swift in Sources */ = {isa = PBXBuildFile; fileRef = E03A3FAD2C6C99D700EBC763 /* QuitReasonView.swift */; };
		E03A3FB02C6C9DC800EBC763 /* CigsPerDayView.swift in Sources */ = {isa = PBXBuildFile; fileRef = E03A3FAF2C6C9DC800EBC763 /* CigsPerDayView.swift */; };
		E03A3FB22C6C9EE900EBC763 /* PricePerPackView.swift in Sources */ = {isa = PBXBuildFile; fileRef = E03A3FB12C6C9EE900EBC763 /* PricePerPackView.swift */; };
		E03A3FB42C6CA8EE00EBC763 /* NameViewController.swift in Sources */ = {isa = PBXBuildFile; fileRef = E03A3FB32C6CA8EE00EBC763 /* NameViewController.swift */; };
		E03A3FB62C6CAB4800EBC763 /* NameView.swift in Sources */ = {isa = PBXBuildFile; fileRef = E03A3FB52C6CAB4800EBC763 /* NameView.swift */; };
		E03A3FE32C733C0500EBC763 /* BadgeCardView.swift in Sources */ = {isa = PBXBuildFile; fileRef = E03A3FE22C733C0500EBC763 /* BadgeCardView.swift */; };
		E03A3FE52C733C1700EBC763 /* BadgeModalView.swift in Sources */ = {isa = PBXBuildFile; fileRef = E03A3FE42C733C1700EBC763 /* BadgeModalView.swift */; };
		E03A3FE72C733C6700EBC763 /* BadgeRepository.swift in Sources */ = {isa = PBXBuildFile; fileRef = E03A3FE62C733C6700EBC763 /* BadgeRepository.swift */; };
		E03A3FED2C733D0B00EBC763 /* BadgeView.swift in Sources */ = {isa = PBXBuildFile; fileRef = E03A3FEC2C733D0B00EBC763 /* BadgeView.swift */; };
		E03A3FEF2C733D3100EBC763 /* BadgeViewModel.swift in Sources */ = {isa = PBXBuildFile; fileRef = E03A3FEE2C733D3100EBC763 /* BadgeViewModel.swift */; };
		E03A3FF42C75D38000EBC763 /* badgesData.json in Resources */ = {isa = PBXBuildFile; fileRef = E03A3FF32C75D38000EBC763 /* badgesData.json */; };
		E03A3FF62C75F02F00EBC763 /* BadgeUseCase.swift in Sources */ = {isa = PBXBuildFile; fileRef = E03A3FF52C75F02F00EBC763 /* BadgeUseCase.swift */; };
		E03A3FF82C76D72A00EBC763 /* BadgeSectionView.swift in Sources */ = {isa = PBXBuildFile; fileRef = E03A3FF72C76D72A00EBC763 /* BadgeSectionView.swift */; };
/* End PBXBuildFile section */

/* Begin PBXContainerItemProxy section */
		E03A3FA72C6B61E300EBC763 /* PBXContainerItemProxy */ = {
			isa = PBXContainerItemProxy;
			containerPortal = 8F2BAE102C662471009F50C3 /* Project object */;
			proxyType = 1;
			remoteGlobalIDString = 8F2BAE172C662471009F50C3;
			remoteInfo = QuitSmoking;
		};
/* End PBXContainerItemProxy section */

/* Begin PBXFileReference section */
		4A3A81FC2C724C85004C27A6 /* CigaretteLogUseCase.swift */ = {isa = PBXFileReference; lastKnownFileType = sourcecode.swift; path = CigaretteLogUseCase.swift; sourceTree = "<group>"; };
		4A3A81FE2C725408004C27A6 /* AddSmokeViewModel.swift */ = {isa = PBXFileReference; lastKnownFileType = sourcecode.swift; path = AddSmokeViewModel.swift; sourceTree = "<group>"; };
		4A3A82002C733BCC004C27A6 /* TrackView.swift */ = {isa = PBXFileReference; lastKnownFileType = sourcecode.swift; path = TrackView.swift; sourceTree = "<group>"; };
		4A3A82022C733C25004C27A6 /* MonthModel.swift */ = {isa = PBXFileReference; lastKnownFileType = sourcecode.swift; path = MonthModel.swift; sourceTree = "<group>"; };
		4A3A82042C733E32004C27A6 /* TrackViewModel.swift */ = {isa = PBXFileReference; lastKnownFileType = sourcecode.swift; path = TrackViewModel.swift; sourceTree = "<group>"; };
		4A3A82062C735A2C004C27A6 /* TabbarView.swift */ = {isa = PBXFileReference; lastKnownFileType = sourcecode.swift; path = TabbarView.swift; sourceTree = "<group>"; };
		4A655EEF2C749FE500234EDE /* OnBoardingUseCase.swift */ = {isa = PBXFileReference; lastKnownFileType = sourcecode.swift; path = OnBoardingUseCase.swift; sourceTree = "<group>"; };
		4A7851D82C724176009409B9 /* BadgeModel.swift */ = {isa = PBXFileReference; fileEncoding = 4; lastKnownFileType = sourcecode.swift; path = BadgeModel.swift; sourceTree = "<group>"; };
		4A7851D92C724176009409B9 /* ChatLogModel.swift */ = {isa = PBXFileReference; fileEncoding = 4; lastKnownFileType = sourcecode.swift; path = ChatLogModel.swift; sourceTree = "<group>"; };
		4A7851DA2C724176009409B9 /* CigaretteLogModel.swift */ = {isa = PBXFileReference; fileEncoding = 4; lastKnownFileType = sourcecode.swift; path = CigaretteLogModel.swift; sourceTree = "<group>"; };
		4A7851DB2C724176009409B9 /* MessageModel.swift */ = {isa = PBXFileReference; fileEncoding = 4; lastKnownFileType = sourcecode.swift; path = MessageModel.swift; sourceTree = "<group>"; };
		4A7851DC2C724176009409B9 /* OnBoardingModel.swift */ = {isa = PBXFileReference; fileEncoding = 4; lastKnownFileType = sourcecode.swift; path = OnBoardingModel.swift; sourceTree = "<group>"; };
		4A7851DD2C724176009409B9 /* UserModel.swift */ = {isa = PBXFileReference; fileEncoding = 4; lastKnownFileType = sourcecode.swift; path = UserModel.swift; sourceTree = "<group>"; };
		4A7851E72C724204009409B9 /* UserStorage.swift */ = {isa = PBXFileReference; lastKnownFileType = sourcecode.swift; path = UserStorage.swift; sourceTree = "<group>"; };
		4A7851E92C724483009409B9 /* SwiftDataManager.swift */ = {isa = PBXFileReference; lastKnownFileType = sourcecode.swift; path = SwiftDataManager.swift; sourceTree = "<group>"; };
		4A7851EB2C7244CB009409B9 /* UserRepository.swift */ = {isa = PBXFileReference; lastKnownFileType = sourcecode.swift; path = UserRepository.swift; sourceTree = "<group>"; };
		4ADDBB262C6B43EC003531B3 /* BreathingTechniqueView.swift */ = {isa = PBXFileReference; lastKnownFileType = sourcecode.swift; path = BreathingTechniqueView.swift; sourceTree = "<group>"; };
		4ADDBB2C2C6B48A6003531B3 /* AddSmokeView.swift */ = {isa = PBXFileReference; lastKnownFileType = sourcecode.swift; path = AddSmokeView.swift; sourceTree = "<group>"; };
		4AEE519A2C75F75200895BC0 /* BreathingVideo.mov */ = {isa = PBXFileReference; lastKnownFileType = video.quicktime; path = BreathingVideo.mov; sourceTree = "<group>"; };
		8F12EDC62C735AF300A11D1D /* ProgressBarView.swift */ = {isa = PBXFileReference; lastKnownFileType = sourcecode.swift; path = ProgressBarView.swift; sourceTree = "<group>"; };
		8F2BAE182C662471009F50C3 /* QuitSmoking.app */ = {isa = PBXFileReference; explicitFileType = wrapper.application; includeInIndex = 0; path = QuitSmoking.app; sourceTree = BUILT_PRODUCTS_DIR; };
		8F2BAE1B2C662471009F50C3 /* QuitSmokingApp.swift */ = {isa = PBXFileReference; lastKnownFileType = sourcecode.swift; path = QuitSmokingApp.swift; sourceTree = "<group>"; };
		8F2BAE1D2C662471009F50C3 /* ContentView.swift */ = {isa = PBXFileReference; lastKnownFileType = sourcecode.swift; path = ContentView.swift; sourceTree = "<group>"; };
		8F2BAE1F2C662473009F50C3 /* Assets.xcassets */ = {isa = PBXFileReference; lastKnownFileType = folder.assetcatalog; path = Assets.xcassets; sourceTree = "<group>"; };
		8F2BAE222C662473009F50C3 /* Preview Assets.xcassets */ = {isa = PBXFileReference; lastKnownFileType = folder.assetcatalog; path = "Preview Assets.xcassets"; sourceTree = "<group>"; };
		8F8B13F02C6FACE6000C0780 /* CommitmentView.swift */ = {isa = PBXFileReference; lastKnownFileType = sourcecode.swift; path = CommitmentView.swift; sourceTree = "<group>"; };
		8F8B13F22C6FAF07000C0780 /* SetDateView.swift */ = {isa = PBXFileReference; lastKnownFileType = sourcecode.swift; path = SetDateView.swift; sourceTree = "<group>"; };
		8F8B13F42C6FB098000C0780 /* OnboardingEndView.swift */ = {isa = PBXFileReference; lastKnownFileType = sourcecode.swift; path = OnboardingEndView.swift; sourceTree = "<group>"; };
		8F8B13F82C708375000C0780 /* DashboardView.swift */ = {isa = PBXFileReference; lastKnownFileType = sourcecode.swift; path = DashboardView.swift; sourceTree = "<group>"; };
		8FA6AE7B2C6FA7BF00145400 /* CigsPerPackView.swift */ = {isa = PBXFileReference; lastKnownFileType = sourcecode.swift; path = CigsPerPackView.swift; sourceTree = "<group>"; };
		8FB2DD192C6DF01E00E9A157 /* GreetingsView.swift */ = {isa = PBXFileReference; lastKnownFileType = sourcecode.swift; path = GreetingsView.swift; sourceTree = "<group>"; };
		8FB2DD1B2C6DF03400E9A157 /* GreetingsViewController.swift */ = {isa = PBXFileReference; lastKnownFileType = sourcecode.swift; path = GreetingsViewController.swift; sourceTree = "<group>"; };
		8FDDF3BA2C73A43300FB2B80 /* OnboardingView.swift */ = {isa = PBXFileReference; lastKnownFileType = sourcecode.swift; path = OnboardingView.swift; sourceTree = "<group>"; };
		E03A3F902C6B454100EBC763 /* OnBoardingViewModel.swift */ = {isa = PBXFileReference; lastKnownFileType = sourcecode.swift; path = OnBoardingViewModel.swift; sourceTree = "<group>"; };
		E03A3F972C6B531A00EBC763 /* QuitReasonViewController.swift */ = {isa = PBXFileReference; lastKnownFileType = sourcecode.swift; path = QuitReasonViewController.swift; sourceTree = "<group>"; };
		E03A3F992C6B536600EBC763 /* CigsPerDayViewController.swift */ = {isa = PBXFileReference; lastKnownFileType = sourcecode.swift; path = CigsPerDayViewController.swift; sourceTree = "<group>"; };
		E03A3F9B2C6B53B100EBC763 /* PricePerPackViewController.swift */ = {isa = PBXFileReference; lastKnownFileType = sourcecode.swift; path = PricePerPackViewController.swift; sourceTree = "<group>"; };
		E03A3FA32C6B61E300EBC763 /* QuitSmokingTests.xctest */ = {isa = PBXFileReference; explicitFileType = wrapper.cfbundle; includeInIndex = 0; path = QuitSmokingTests.xctest; sourceTree = BUILT_PRODUCTS_DIR; };
		E03A3FAD2C6C99D700EBC763 /* QuitReasonView.swift */ = {isa = PBXFileReference; lastKnownFileType = sourcecode.swift; path = QuitReasonView.swift; sourceTree = "<group>"; };
		E03A3FAF2C6C9DC800EBC763 /* CigsPerDayView.swift */ = {isa = PBXFileReference; lastKnownFileType = sourcecode.swift; path = CigsPerDayView.swift; sourceTree = "<group>"; };
		E03A3FB12C6C9EE900EBC763 /* PricePerPackView.swift */ = {isa = PBXFileReference; lastKnownFileType = sourcecode.swift; path = PricePerPackView.swift; sourceTree = "<group>"; };
		E03A3FB32C6CA8EE00EBC763 /* NameViewController.swift */ = {isa = PBXFileReference; lastKnownFileType = sourcecode.swift; path = NameViewController.swift; sourceTree = "<group>"; };
		E03A3FB52C6CAB4800EBC763 /* NameView.swift */ = {isa = PBXFileReference; lastKnownFileType = sourcecode.swift; path = NameView.swift; sourceTree = "<group>"; };
		E03A3FE22C733C0500EBC763 /* BadgeCardView.swift */ = {isa = PBXFileReference; lastKnownFileType = sourcecode.swift; path = BadgeCardView.swift; sourceTree = "<group>"; };
		E03A3FE42C733C1700EBC763 /* BadgeModalView.swift */ = {isa = PBXFileReference; lastKnownFileType = sourcecode.swift; path = BadgeModalView.swift; sourceTree = "<group>"; };
		E03A3FE62C733C6700EBC763 /* BadgeRepository.swift */ = {isa = PBXFileReference; lastKnownFileType = sourcecode.swift; path = BadgeRepository.swift; sourceTree = "<group>"; };
		E03A3FEC2C733D0B00EBC763 /* BadgeView.swift */ = {isa = PBXFileReference; lastKnownFileType = sourcecode.swift; path = BadgeView.swift; sourceTree = "<group>"; };
		E03A3FEE2C733D3100EBC763 /* BadgeViewModel.swift */ = {isa = PBXFileReference; lastKnownFileType = sourcecode.swift; path = BadgeViewModel.swift; sourceTree = "<group>"; };
		E03A3FF32C75D38000EBC763 /* badgesData.json */ = {isa = PBXFileReference; lastKnownFileType = text.json; path = badgesData.json; sourceTree = "<group>"; };
		E03A3FF52C75F02F00EBC763 /* BadgeUseCase.swift */ = {isa = PBXFileReference; lastKnownFileType = sourcecode.swift; path = BadgeUseCase.swift; sourceTree = "<group>"; };
		E03A3FF72C76D72A00EBC763 /* BadgeSectionView.swift */ = {isa = PBXFileReference; lastKnownFileType = sourcecode.swift; path = BadgeSectionView.swift; sourceTree = "<group>"; };
/* End PBXFileReference section */

/* Begin PBXFrameworksBuildPhase section */
		8F2BAE152C662471009F50C3 /* Frameworks */ = {
			isa = PBXFrameworksBuildPhase;
			buildActionMask = 2147483647;
			files = (
				4ADDBB252C6B425E003531B3 /* OpenAI in Frameworks */,
			);
			runOnlyForDeploymentPostprocessing = 0;
		};
/* End PBXFrameworksBuildPhase section */

/* Begin PBXGroup section */
		4A7851DE2C724176009409B9 /* Models */ = {
			isa = PBXGroup;
			children = (
				4A7851D82C724176009409B9 /* BadgeModel.swift */,
				4A7851D92C724176009409B9 /* ChatLogModel.swift */,
				4A7851DD2C724176009409B9 /* UserModel.swift */,
				4A7851DA2C724176009409B9 /* CigaretteLogModel.swift */,
				4A7851DB2C724176009409B9 /* MessageModel.swift */,
				4A7851DC2C724176009409B9 /* OnBoardingModel.swift */,
				4A3A82022C733C25004C27A6 /* MonthModel.swift */,
			);
			path = Models;
			sourceTree = "<group>";
		};
		4A7851E62C7241E2009409B9 /* PersistantStorages */ = {
			isa = PBXGroup;
			children = (
				4A7851E72C724204009409B9 /* UserStorage.swift */,
				4A7851E92C724483009409B9 /* SwiftDataManager.swift */,
			);
			path = PersistantStorages;
			sourceTree = "<group>";
		};
		4A7851ED2C7246BF009409B9 /* UseCases */ = {
			isa = PBXGroup;
			children = (
				4A3A81FC2C724C85004C27A6 /* CigaretteLogUseCase.swift */,
				4A655EEF2C749FE500234EDE /* OnBoardingUseCase.swift */,
				E03A3FF52C75F02F00EBC763 /* BadgeUseCase.swift */,
			);
			path = UseCases;
			sourceTree = "<group>";
		};
		8F2BAE0F2C662471009F50C3 = {
			isa = PBXGroup;
			children = (
				8F2BAE1A2C662471009F50C3 /* QuitSmoking */,
				8F2BAE192C662471009F50C3 /* Products */,
			);
			sourceTree = "<group>";
		};
		8F2BAE192C662471009F50C3 /* Products */ = {
			isa = PBXGroup;
			children = (
				8F2BAE182C662471009F50C3 /* QuitSmoking.app */,
				E03A3FA32C6B61E300EBC763 /* QuitSmokingTests.xctest */,
			);
			name = Products;
			sourceTree = "<group>";
		};
		8F2BAE1A2C662471009F50C3 /* QuitSmoking */ = {
			isa = PBXGroup;
			children = (
				E03A3FF22C75D35000EBC763 /* Resources */,
				E03A3FE12C733BDD00EBC763 /* Components */,
				E03A3FB72C6DF52600EBC763 /* Data */,
				E03A3FB82C6DF52C00EBC763 /* Domain */,
				E03A3FB92C6DF56400EBC763 /* Scene */,
				8F2BAE1B2C662471009F50C3 /* QuitSmokingApp.swift */,
				8F2BAE1D2C662471009F50C3 /* ContentView.swift */,
				4ADDBB262C6B43EC003531B3 /* BreathingTechniqueView.swift */,
				4ADDBB2C2C6B48A6003531B3 /* AddSmokeView.swift */,
				4A3A81FE2C725408004C27A6 /* AddSmokeViewModel.swift */,
				4AEE519A2C75F75200895BC0 /* BreathingVideo.mov */,
				8F2BAE1F2C662473009F50C3 /* Assets.xcassets */,
				8F2BAE212C662473009F50C3 /* Preview Content */,
			);
			path = QuitSmoking;
			sourceTree = "<group>";
		};
		8F2BAE212C662473009F50C3 /* Preview Content */ = {
			isa = PBXGroup;
			children = (
				8F2BAE222C662473009F50C3 /* Preview Assets.xcassets */,
			);
			path = "Preview Content";
			sourceTree = "<group>";
		};
		E03A3F8F2C6B452300EBC763 /* ViewModel */ = {
			isa = PBXGroup;
			children = (
				E03A3F902C6B454100EBC763 /* OnBoardingViewModel.swift */,
				4A3A82042C733E32004C27A6 /* TrackViewModel.swift */,
				E03A3FEE2C733D3100EBC763 /* BadgeViewModel.swift */,
			);
			path = ViewModel;
			sourceTree = "<group>";
		};
		E03A3F962C6B52E700EBC763 /* ViewController */ = {
			isa = PBXGroup;
			children = (
				8FB2DD1B2C6DF03400E9A157 /* GreetingsViewController.swift */,
				E03A3F972C6B531A00EBC763 /* QuitReasonViewController.swift */,
				E03A3F992C6B536600EBC763 /* CigsPerDayViewController.swift */,
				E03A3F9B2C6B53B100EBC763 /* PricePerPackViewController.swift */,
				E03A3FB32C6CA8EE00EBC763 /* NameViewController.swift */,
			);
			path = ViewController;
			sourceTree = "<group>";
		};
		E03A3FAC2C6C99BC00EBC763 /* View */ = {
			isa = PBXGroup;
			children = (
				8FB2DD192C6DF01E00E9A157 /* GreetingsView.swift */,
				E03A3FAD2C6C99D700EBC763 /* QuitReasonView.swift */,
				E03A3FAF2C6C9DC800EBC763 /* CigsPerDayView.swift */,
				8FA6AE7B2C6FA7BF00145400 /* CigsPerPackView.swift */,
				E03A3FB12C6C9EE900EBC763 /* PricePerPackView.swift */,
				E03A3FB52C6CAB4800EBC763 /* NameView.swift */,
				8F8B13F02C6FACE6000C0780 /* CommitmentView.swift */,
				8F8B13F22C6FAF07000C0780 /* SetDateView.swift */,
				8F8B13F42C6FB098000C0780 /* OnboardingEndView.swift */,
				8F12EDC62C735AF300A11D1D /* ProgressBarView.swift */,
				8FDDF3BA2C73A43300FB2B80 /* OnboardingView.swift */,
				8F8B13F82C708375000C0780 /* DashboardView.swift */,
				4A3A82002C733BCC004C27A6 /* TrackView.swift */,
				4A3A82062C735A2C004C27A6 /* TabbarView.swift */,
				E03A3FEC2C733D0B00EBC763 /* BadgeView.swift */,
			);
			path = View;
			sourceTree = "<group>";
		};
		E03A3FB72C6DF52600EBC763 /* Data */ = {
			isa = PBXGroup;
			children = (
				4A7851E62C7241E2009409B9 /* PersistantStorages */,
			);
			path = Data;
			sourceTree = "<group>";
		};
		E03A3FB82C6DF52C00EBC763 /* Domain */ = {
			isa = PBXGroup;
			children = (
				4A7851DE2C724176009409B9 /* Models */,
				E03A3FBA2C6DF59800EBC763 /* Repositories */,
				4A7851ED2C7246BF009409B9 /* UseCases */,
			);
			path = Domain;
			sourceTree = "<group>";
		};
		E03A3FB92C6DF56400EBC763 /* Scene */ = {
			isa = PBXGroup;
			children = (
				E03A3F962C6B52E700EBC763 /* ViewController */,
				E03A3F8F2C6B452300EBC763 /* ViewModel */,
				E03A3FAC2C6C99BC00EBC763 /* View */,
			);
			path = Scene;
			sourceTree = "<group>";
		};
		E03A3FBA2C6DF59800EBC763 /* Repositories */ = {
			isa = PBXGroup;
			children = (
				4A7851EB2C7244CB009409B9 /* UserRepository.swift */,
				E03A3FE62C733C6700EBC763 /* BadgeRepository.swift */,
			);
			path = Repositories;
			sourceTree = "<group>";
		};
		E03A3FE12C733BDD00EBC763 /* Components */ = {
			isa = PBXGroup;
			children = (
				E03A3FE22C733C0500EBC763 /* BadgeCardView.swift */,
				E03A3FE42C733C1700EBC763 /* BadgeModalView.swift */,
				E03A3FF72C76D72A00EBC763 /* BadgeSectionView.swift */,
			);
			path = Components;
			sourceTree = "<group>";
		};
		E03A3FF22C75D35000EBC763 /* Resources */ = {
			isa = PBXGroup;
			children = (
				E03A3FF32C75D38000EBC763 /* badgesData.json */,
			);
			path = Resources;
			sourceTree = "<group>";
		};
/* End PBXGroup section */

/* Begin PBXNativeTarget section */
		8F2BAE172C662471009F50C3 /* QuitSmoking */ = {
			isa = PBXNativeTarget;
			buildConfigurationList = 8F2BAE262C662473009F50C3 /* Build configuration list for PBXNativeTarget "QuitSmoking" */;
			buildPhases = (
				8F2BAE142C662471009F50C3 /* Sources */,
				8F2BAE152C662471009F50C3 /* Frameworks */,
				8F2BAE162C662471009F50C3 /* Resources */,
			);
			buildRules = (
			);
			dependencies = (
			);
			name = QuitSmoking;
			packageProductDependencies = (
				4ADDBB242C6B425E003531B3 /* OpenAI */,
			);
			productName = QuitSmoking;
			productReference = 8F2BAE182C662471009F50C3 /* QuitSmoking.app */;
			productType = "com.apple.product-type.application";
		};
		E03A3FA22C6B61E300EBC763 /* QuitSmokingTests */ = {
			isa = PBXNativeTarget;
			buildConfigurationList = E03A3FA92C6B61E300EBC763 /* Build configuration list for PBXNativeTarget "QuitSmokingTests" */;
			buildPhases = (
				E03A3F9F2C6B61E300EBC763 /* Sources */,
				E03A3FA12C6B61E300EBC763 /* Resources */,
			);
			buildRules = (
			);
			dependencies = (
				E03A3FA82C6B61E300EBC763 /* PBXTargetDependency */,
			);
			name = QuitSmokingTests;
			productName = QuitSmokingTests;
			productReference = E03A3FA32C6B61E300EBC763 /* QuitSmokingTests.xctest */;
			productType = "com.apple.product-type.bundle.unit-test";
		};
/* End PBXNativeTarget section */

/* Begin PBXProject section */
		8F2BAE102C662471009F50C3 /* Project object */ = {
			isa = PBXProject;
			attributes = {
				BuildIndependentTargetsInParallel = 1;
				LastSwiftUpdateCheck = 1540;
				LastUpgradeCheck = 1600;
				TargetAttributes = {
					8F2BAE172C662471009F50C3 = {
						CreatedOnToolsVersion = 16.0;
					};
					E03A3FA22C6B61E300EBC763 = {
						CreatedOnToolsVersion = 15.4;
						TestTargetID = 8F2BAE172C662471009F50C3;
					};
				};
			};
			buildConfigurationList = 8F2BAE132C662471009F50C3 /* Build configuration list for PBXProject "QuitSmoking" */;
			compatibilityVersion = "Xcode 15.0";
			developmentRegion = en;
			hasScannedForEncodings = 0;
			knownRegions = (
				en,
				Base,
			);
			mainGroup = 8F2BAE0F2C662471009F50C3;
			packageReferences = (
				4ADDBB232C6B425E003531B3 /* XCRemoteSwiftPackageReference "openai" */,
			);
			productRefGroup = 8F2BAE192C662471009F50C3 /* Products */;
			projectDirPath = "";
			projectRoot = "";
			targets = (
				8F2BAE172C662471009F50C3 /* QuitSmoking */,
				E03A3FA22C6B61E300EBC763 /* QuitSmokingTests */,
			);
		};
/* End PBXProject section */

/* Begin PBXResourcesBuildPhase section */
		8F2BAE162C662471009F50C3 /* Resources */ = {
			isa = PBXResourcesBuildPhase;
			buildActionMask = 2147483647;
			files = (
				8F2BAE232C662473009F50C3 /* Preview Assets.xcassets in Resources */,
				E03A3FF42C75D38000EBC763 /* badgesData.json in Resources */,
				4AEE519B2C75F75200895BC0 /* BreathingVideo.mov in Resources */,
				8F2BAE202C662473009F50C3 /* Assets.xcassets in Resources */,
			);
			runOnlyForDeploymentPostprocessing = 0;
		};
		E03A3FA12C6B61E300EBC763 /* Resources */ = {
			isa = PBXResourcesBuildPhase;
			buildActionMask = 2147483647;
			files = (
			);
			runOnlyForDeploymentPostprocessing = 0;
		};
/* End PBXResourcesBuildPhase section */

/* Begin PBXSourcesBuildPhase section */
		8F2BAE142C662471009F50C3 /* Sources */ = {
			isa = PBXSourcesBuildPhase;
			buildActionMask = 2147483647;
			files = (
				4A7851EC2C7244CB009409B9 /* UserRepository.swift in Sources */,
				8F2BAE1E2C662471009F50C3 /* ContentView.swift in Sources */,
				8F8B13F32C6FAF07000C0780 /* SetDateView.swift in Sources */,
				8FB2DD1C2C6DF03400E9A157 /* GreetingsViewController.swift in Sources */,
				4A3A82032C733C25004C27A6 /* MonthModel.swift in Sources */,
				4A7851E52C724176009409B9 /* UserModel.swift in Sources */,
				8F8B13F12C6FACE6000C0780 /* CommitmentView.swift in Sources */,
				4ADDBB2D2C6B48A6003531B3 /* AddSmokeView.swift in Sources */,
				8FDDF3BB2C73A43400FB2B80 /* OnboardingView.swift in Sources */,
				4ADDBB272C6B43EC003531B3 /* BreathingTechniqueView.swift in Sources */,
				4A7851EA2C724483009409B9 /* SwiftDataManager.swift in Sources */,
				4A3A81FD2C724C85004C27A6 /* CigaretteLogUseCase.swift in Sources */,
				E03A3FB02C6C9DC800EBC763 /* CigsPerDayView.swift in Sources */,
				E03A3FB62C6CAB4800EBC763 /* NameView.swift in Sources */,
				4A7851E82C724204009409B9 /* UserStorage.swift in Sources */,
				4A3A82072C735A2C004C27A6 /* TabbarView.swift in Sources */,
				E03A3FB22C6C9EE900EBC763 /* PricePerPackView.swift in Sources */,
				E03A3FAE2C6C99D700EBC763 /* QuitReasonView.swift in Sources */,
				8F8B13F52C6FB098000C0780 /* OnboardingEndView.swift in Sources */,
				E03A3F9A2C6B536600EBC763 /* CigsPerDayViewController.swift in Sources */,
				E03A3FE32C733C0500EBC763 /* BadgeCardView.swift in Sources */,
				8F2BAE1C2C662471009F50C3 /* QuitSmokingApp.swift in Sources */,
				4A3A82052C733E32004C27A6 /* TrackViewModel.swift in Sources */,
				4A7851E22C724176009409B9 /* CigaretteLogModel.swift in Sources */,
				8FB2DD1A2C6DF01E00E9A157 /* GreetingsView.swift in Sources */,
				E03A3FEF2C733D3100EBC763 /* BadgeViewModel.swift in Sources */,
				4A3A81FF2C725408004C27A6 /* AddSmokeViewModel.swift in Sources */,
				E03A3FED2C733D0B00EBC763 /* BadgeView.swift in Sources */,
				4A7851E32C724176009409B9 /* MessageModel.swift in Sources */,
				4A7851E02C724176009409B9 /* BadgeModel.swift in Sources */,
				4ADDBB292C6B450C003531B3 /* MikeTestingView.swift in Sources */,
				E03A3FE52C733C1700EBC763 /* BadgeModalView.swift in Sources */,
				E03A3FE72C733C6700EBC763 /* BadgeRepository.swift in Sources */,
				E03A3FE52C733C1700EBC763 /* AchievementModal.swift in Sources */,
				E03A3FE72C733C6700EBC763 /* AchievementRepository.swift in Sources */,
				4A7851E42C724176009409B9 /* OnBoardingModel.swift in Sources */,
				E03A3FF82C76D72A00EBC763 /* BadgeSectionView.swift in Sources */,
				E03A3F912C6B454100EBC763 /* OnBoardingViewModel.swift in Sources */,
				4A7851E12C724176009409B9 /* ChatLogModel.swift in Sources */,
				8F12EDC72C735AF300A11D1D /* ProgressBarView.swift in Sources */,
				E03A3FF62C75F02F00EBC763 /* BadgeUseCase.swift in Sources */,
				E03A3F9C2C6B53B100EBC763 /* PricePerPackViewController.swift in Sources */,
				8F8B13F92C708375000C0780 /* DashboardView.swift in Sources */,
				8FA6AE7C2C6FA7BF00145400 /* CigsPerPackView.swift in Sources */,
				4A655EF02C749FE500234EDE /* OnBoardingUseCase.swift in Sources */,
				E03A3F982C6B531A00EBC763 /* QuitReasonViewController.swift in Sources */,
				E03A3FB42C6CA8EE00EBC763 /* NameViewController.swift in Sources */,
				4A3A82012C733BCC004C27A6 /* TrackView.swift in Sources */,
			);
			runOnlyForDeploymentPostprocessing = 0;
		};
		E03A3F9F2C6B61E300EBC763 /* Sources */ = {
			isa = PBXSourcesBuildPhase;
			buildActionMask = 2147483647;
			files = (
			);
			runOnlyForDeploymentPostprocessing = 0;
		};
/* End PBXSourcesBuildPhase section */

/* Begin PBXTargetDependency section */
		E03A3FA82C6B61E300EBC763 /* PBXTargetDependency */ = {
			isa = PBXTargetDependency;
			target = 8F2BAE172C662471009F50C3 /* QuitSmoking */;
			targetProxy = E03A3FA72C6B61E300EBC763 /* PBXContainerItemProxy */;
		};
/* End PBXTargetDependency section */

/* Begin XCBuildConfiguration section */
		8F2BAE242C662473009F50C3 /* Debug */ = {
			isa = XCBuildConfiguration;
			buildSettings = {
				ALWAYS_SEARCH_USER_PATHS = NO;
				ASSETCATALOG_COMPILER_GENERATE_SWIFT_ASSET_SYMBOL_EXTENSIONS = YES;
				CLANG_ANALYZER_NONNULL = YES;
				CLANG_ANALYZER_NUMBER_OBJECT_CONVERSION = YES_AGGRESSIVE;
				CLANG_CXX_LANGUAGE_STANDARD = "gnu++20";
				CLANG_ENABLE_MODULES = YES;
				CLANG_ENABLE_OBJC_ARC = YES;
				CLANG_ENABLE_OBJC_WEAK = YES;
				CLANG_WARN_BLOCK_CAPTURE_AUTORELEASING = YES;
				CLANG_WARN_BOOL_CONVERSION = YES;
				CLANG_WARN_COMMA = YES;
				CLANG_WARN_CONSTANT_CONVERSION = YES;
				CLANG_WARN_DEPRECATED_OBJC_IMPLEMENTATIONS = YES;
				CLANG_WARN_DIRECT_OBJC_ISA_USAGE = YES_ERROR;
				CLANG_WARN_DOCUMENTATION_COMMENTS = YES;
				CLANG_WARN_EMPTY_BODY = YES;
				CLANG_WARN_ENUM_CONVERSION = YES;
				CLANG_WARN_INFINITE_RECURSION = YES;
				CLANG_WARN_INT_CONVERSION = YES;
				CLANG_WARN_NON_LITERAL_NULL_CONVERSION = YES;
				CLANG_WARN_OBJC_IMPLICIT_RETAIN_SELF = YES;
				CLANG_WARN_OBJC_LITERAL_CONVERSION = YES;
				CLANG_WARN_OBJC_ROOT_CLASS = YES_ERROR;
				CLANG_WARN_QUOTED_INCLUDE_IN_FRAMEWORK_HEADER = YES;
				CLANG_WARN_RANGE_LOOP_ANALYSIS = YES;
				CLANG_WARN_STRICT_PROTOTYPES = YES;
				CLANG_WARN_SUSPICIOUS_MOVE = YES;
				CLANG_WARN_UNGUARDED_AVAILABILITY = YES_AGGRESSIVE;
				CLANG_WARN_UNREACHABLE_CODE = YES;
				CLANG_WARN__DUPLICATE_METHOD_MATCH = YES;
				COPY_PHASE_STRIP = NO;
				DEBUG_INFORMATION_FORMAT = dwarf;
				ENABLE_STRICT_OBJC_MSGSEND = YES;
				ENABLE_TESTABILITY = YES;
				ENABLE_USER_SCRIPT_SANDBOXING = YES;
				GCC_C_LANGUAGE_STANDARD = gnu17;
				GCC_DYNAMIC_NO_PIC = NO;
				GCC_NO_COMMON_BLOCKS = YES;
				GCC_OPTIMIZATION_LEVEL = 0;
				GCC_PREPROCESSOR_DEFINITIONS = (
					"DEBUG=1",
					"$(inherited)",
				);
				GCC_WARN_64_TO_32_BIT_CONVERSION = YES;
				GCC_WARN_ABOUT_RETURN_TYPE = YES_ERROR;
				GCC_WARN_UNDECLARED_SELECTOR = YES;
				GCC_WARN_UNINITIALIZED_AUTOS = YES_AGGRESSIVE;
				GCC_WARN_UNUSED_FUNCTION = YES;
				GCC_WARN_UNUSED_VARIABLE = YES;
				IPHONEOS_DEPLOYMENT_TARGET = 18.0;
				LOCALIZATION_PREFERS_STRING_CATALOGS = YES;
				MTL_ENABLE_DEBUG_INFO = INCLUDE_SOURCE;
				MTL_FAST_MATH = YES;
				ONLY_ACTIVE_ARCH = YES;
				SDKROOT = iphoneos;
				SWIFT_ACTIVE_COMPILATION_CONDITIONS = "DEBUG $(inherited)";
				SWIFT_OPTIMIZATION_LEVEL = "-Onone";
			};
			name = Debug;
		};
		8F2BAE252C662473009F50C3 /* Release */ = {
			isa = XCBuildConfiguration;
			buildSettings = {
				ALWAYS_SEARCH_USER_PATHS = NO;
				ASSETCATALOG_COMPILER_GENERATE_SWIFT_ASSET_SYMBOL_EXTENSIONS = YES;
				CLANG_ANALYZER_NONNULL = YES;
				CLANG_ANALYZER_NUMBER_OBJECT_CONVERSION = YES_AGGRESSIVE;
				CLANG_CXX_LANGUAGE_STANDARD = "gnu++20";
				CLANG_ENABLE_MODULES = YES;
				CLANG_ENABLE_OBJC_ARC = YES;
				CLANG_ENABLE_OBJC_WEAK = YES;
				CLANG_WARN_BLOCK_CAPTURE_AUTORELEASING = YES;
				CLANG_WARN_BOOL_CONVERSION = YES;
				CLANG_WARN_COMMA = YES;
				CLANG_WARN_CONSTANT_CONVERSION = YES;
				CLANG_WARN_DEPRECATED_OBJC_IMPLEMENTATIONS = YES;
				CLANG_WARN_DIRECT_OBJC_ISA_USAGE = YES_ERROR;
				CLANG_WARN_DOCUMENTATION_COMMENTS = YES;
				CLANG_WARN_EMPTY_BODY = YES;
				CLANG_WARN_ENUM_CONVERSION = YES;
				CLANG_WARN_INFINITE_RECURSION = YES;
				CLANG_WARN_INT_CONVERSION = YES;
				CLANG_WARN_NON_LITERAL_NULL_CONVERSION = YES;
				CLANG_WARN_OBJC_IMPLICIT_RETAIN_SELF = YES;
				CLANG_WARN_OBJC_LITERAL_CONVERSION = YES;
				CLANG_WARN_OBJC_ROOT_CLASS = YES_ERROR;
				CLANG_WARN_QUOTED_INCLUDE_IN_FRAMEWORK_HEADER = YES;
				CLANG_WARN_RANGE_LOOP_ANALYSIS = YES;
				CLANG_WARN_STRICT_PROTOTYPES = YES;
				CLANG_WARN_SUSPICIOUS_MOVE = YES;
				CLANG_WARN_UNGUARDED_AVAILABILITY = YES_AGGRESSIVE;
				CLANG_WARN_UNREACHABLE_CODE = YES;
				CLANG_WARN__DUPLICATE_METHOD_MATCH = YES;
				COPY_PHASE_STRIP = NO;
				DEBUG_INFORMATION_FORMAT = "dwarf-with-dsym";
				ENABLE_NS_ASSERTIONS = NO;
				ENABLE_STRICT_OBJC_MSGSEND = YES;
				ENABLE_USER_SCRIPT_SANDBOXING = YES;
				GCC_C_LANGUAGE_STANDARD = gnu17;
				GCC_NO_COMMON_BLOCKS = YES;
				GCC_WARN_64_TO_32_BIT_CONVERSION = YES;
				GCC_WARN_ABOUT_RETURN_TYPE = YES_ERROR;
				GCC_WARN_UNDECLARED_SELECTOR = YES;
				GCC_WARN_UNINITIALIZED_AUTOS = YES_AGGRESSIVE;
				GCC_WARN_UNUSED_FUNCTION = YES;
				GCC_WARN_UNUSED_VARIABLE = YES;
				IPHONEOS_DEPLOYMENT_TARGET = 18.0;
				LOCALIZATION_PREFERS_STRING_CATALOGS = YES;
				MTL_ENABLE_DEBUG_INFO = NO;
				MTL_FAST_MATH = YES;
				SDKROOT = iphoneos;
				SWIFT_COMPILATION_MODE = wholemodule;
				VALIDATE_PRODUCT = YES;
			};
			name = Release;
		};
		8F2BAE272C662473009F50C3 /* Debug */ = {
			isa = XCBuildConfiguration;
			buildSettings = {
				ASSETCATALOG_COMPILER_APPICON_NAME = AppIcon;
				ASSETCATALOG_COMPILER_GLOBAL_ACCENT_COLOR_NAME = AccentColor;
				CODE_SIGN_STYLE = Automatic;
				CURRENT_PROJECT_VERSION = 1;
				DEVELOPMENT_ASSET_PATHS = "\"QuitSmoking/Preview Content\"";
				DEVELOPMENT_TEAM = DXHNB7CJR9;
				ENABLE_PREVIEWS = YES;
				GENERATE_INFOPLIST_FILE = YES;
				INFOPLIST_KEY_UIApplicationSceneManifest_Generation = YES;
				INFOPLIST_KEY_UIApplicationSupportsIndirectInputEvents = YES;
				INFOPLIST_KEY_UILaunchScreen_Generation = YES;
				INFOPLIST_KEY_UISupportedInterfaceOrientations_iPad = "UIInterfaceOrientationPortrait UIInterfaceOrientationPortraitUpsideDown UIInterfaceOrientationLandscapeLeft UIInterfaceOrientationLandscapeRight";
				INFOPLIST_KEY_UISupportedInterfaceOrientations_iPhone = "UIInterfaceOrientationPortrait UIInterfaceOrientationLandscapeLeft UIInterfaceOrientationLandscapeRight";
				INFOPLIST_KEY_UIUserInterfaceStyle = Light;
				IPHONEOS_DEPLOYMENT_TARGET = 17.5;
				LD_RUNPATH_SEARCH_PATHS = (
					"$(inherited)",
					"@executable_path/Frameworks",
				);
				MARKETING_VERSION = 1.0;
				PRODUCT_BUNDLE_IDENTIFIER = com.ranggabiner.QuitSmoking;
				PRODUCT_NAME = "$(TARGET_NAME)";
				SWIFT_EMIT_LOC_STRINGS = YES;
				SWIFT_VERSION = 5.0;
				TARGETED_DEVICE_FAMILY = "1,2";
			};
			name = Debug;
		};
		8F2BAE282C662473009F50C3 /* Release */ = {
			isa = XCBuildConfiguration;
			buildSettings = {
				ASSETCATALOG_COMPILER_APPICON_NAME = AppIcon;
				ASSETCATALOG_COMPILER_GLOBAL_ACCENT_COLOR_NAME = AccentColor;
				CODE_SIGN_STYLE = Automatic;
				CURRENT_PROJECT_VERSION = 1;
				DEVELOPMENT_ASSET_PATHS = "\"QuitSmoking/Preview Content\"";
				DEVELOPMENT_TEAM = DXHNB7CJR9;
				ENABLE_PREVIEWS = YES;
				GENERATE_INFOPLIST_FILE = YES;
				INFOPLIST_KEY_UIApplicationSceneManifest_Generation = YES;
				INFOPLIST_KEY_UIApplicationSupportsIndirectInputEvents = YES;
				INFOPLIST_KEY_UILaunchScreen_Generation = YES;
				INFOPLIST_KEY_UISupportedInterfaceOrientations_iPad = "UIInterfaceOrientationPortrait UIInterfaceOrientationPortraitUpsideDown UIInterfaceOrientationLandscapeLeft UIInterfaceOrientationLandscapeRight";
				INFOPLIST_KEY_UISupportedInterfaceOrientations_iPhone = "UIInterfaceOrientationPortrait UIInterfaceOrientationLandscapeLeft UIInterfaceOrientationLandscapeRight";
				INFOPLIST_KEY_UIUserInterfaceStyle = Light;
				IPHONEOS_DEPLOYMENT_TARGET = 17.5;
				LD_RUNPATH_SEARCH_PATHS = (
					"$(inherited)",
					"@executable_path/Frameworks",
				);
				MARKETING_VERSION = 1.0;
				PRODUCT_BUNDLE_IDENTIFIER = com.ranggabiner.QuitSmoking;
				PRODUCT_NAME = "$(TARGET_NAME)";
				SWIFT_EMIT_LOC_STRINGS = YES;
				SWIFT_VERSION = 5.0;
				TARGETED_DEVICE_FAMILY = "1,2";
			};
			name = Release;
		};
		E03A3FAA2C6B61E300EBC763 /* Debug */ = {
			isa = XCBuildConfiguration;
			buildSettings = {
				BUNDLE_LOADER = "$(TEST_HOST)";
				CODE_SIGN_STYLE = Automatic;
				CURRENT_PROJECT_VERSION = 1;
				DEVELOPMENT_TEAM = 8FPJ93WVDR;
				GENERATE_INFOPLIST_FILE = YES;
				IPHONEOS_DEPLOYMENT_TARGET = 17.5;
				MARKETING_VERSION = 1.0;
				PRODUCT_BUNDLE_IDENTIFIER = nizoe.QuitSmokingTests;
				PRODUCT_NAME = "$(TARGET_NAME)";
				SWIFT_EMIT_LOC_STRINGS = NO;
				SWIFT_VERSION = 5.0;
				TARGETED_DEVICE_FAMILY = "1,2";
				TEST_HOST = "$(BUILT_PRODUCTS_DIR)/QuitSmoking.app/$(BUNDLE_EXECUTABLE_FOLDER_PATH)/QuitSmoking";
			};
			name = Debug;
		};
		E03A3FAB2C6B61E300EBC763 /* Release */ = {
			isa = XCBuildConfiguration;
			buildSettings = {
				BUNDLE_LOADER = "$(TEST_HOST)";
				CODE_SIGN_STYLE = Automatic;
				CURRENT_PROJECT_VERSION = 1;
				DEVELOPMENT_TEAM = 8FPJ93WVDR;
				GENERATE_INFOPLIST_FILE = YES;
				IPHONEOS_DEPLOYMENT_TARGET = 17.5;
				MARKETING_VERSION = 1.0;
				PRODUCT_BUNDLE_IDENTIFIER = nizoe.QuitSmokingTests;
				PRODUCT_NAME = "$(TARGET_NAME)";
				SWIFT_EMIT_LOC_STRINGS = NO;
				SWIFT_VERSION = 5.0;
				TARGETED_DEVICE_FAMILY = "1,2";
				TEST_HOST = "$(BUILT_PRODUCTS_DIR)/QuitSmoking.app/$(BUNDLE_EXECUTABLE_FOLDER_PATH)/QuitSmoking";
			};
			name = Release;
		};
/* End XCBuildConfiguration section */

/* Begin XCConfigurationList section */
		8F2BAE132C662471009F50C3 /* Build configuration list for PBXProject "QuitSmoking" */ = {
			isa = XCConfigurationList;
			buildConfigurations = (
				8F2BAE242C662473009F50C3 /* Debug */,
				8F2BAE252C662473009F50C3 /* Release */,
			);
			defaultConfigurationIsVisible = 0;
			defaultConfigurationName = Release;
		};
		8F2BAE262C662473009F50C3 /* Build configuration list for PBXNativeTarget "QuitSmoking" */ = {
			isa = XCConfigurationList;
			buildConfigurations = (
				8F2BAE272C662473009F50C3 /* Debug */,
				8F2BAE282C662473009F50C3 /* Release */,
			);
			defaultConfigurationIsVisible = 0;
			defaultConfigurationName = Release;
		};
		E03A3FA92C6B61E300EBC763 /* Build configuration list for PBXNativeTarget "QuitSmokingTests" */ = {
			isa = XCConfigurationList;
			buildConfigurations = (
				E03A3FAA2C6B61E300EBC763 /* Debug */,
				E03A3FAB2C6B61E300EBC763 /* Release */,
			);
			defaultConfigurationIsVisible = 0;
			defaultConfigurationName = Release;
		};
/* End XCConfigurationList section */

/* Begin XCRemoteSwiftPackageReference section */
		4ADDBB232C6B425E003531B3 /* XCRemoteSwiftPackageReference "openai" */ = {
			isa = XCRemoteSwiftPackageReference;
			repositoryURL = "https://github.com/macpaw/openai";
			requirement = {
				kind = upToNextMajorVersion;
				minimumVersion = 0.3.0;
			};
		};
/* End XCRemoteSwiftPackageReference section */

/* Begin XCSwiftPackageProductDependency section */
		4ADDBB242C6B425E003531B3 /* OpenAI */ = {
			isa = XCSwiftPackageProductDependency;
			package = 4ADDBB232C6B425E003531B3 /* XCRemoteSwiftPackageReference "openai" */;
			productName = OpenAI;
		};
/* End XCSwiftPackageProductDependency section */
	};
	rootObject = 8F2BAE102C662471009F50C3 /* Project object */;
}
